// !$*UTF8*$!
{
	archiveVersion = 1;
	classes = {
	};
	objectVersion = 55;
	objects = {

/* Begin PBXBuildFile section */
		3A141790293266AF00B9AC83 /* AppDelegate.swift in Sources */ = {isa = PBXBuildFile; fileRef = 3A14178F293266AF00B9AC83 /* AppDelegate.swift */; };
		3A141792293266AF00B9AC83 /* SceneDelegate.swift in Sources */ = {isa = PBXBuildFile; fileRef = 3A141791293266AF00B9AC83 /* SceneDelegate.swift */; };
		3A141794293266AF00B9AC83 /* ViewController.swift in Sources */ = {isa = PBXBuildFile; fileRef = 3A141793293266AF00B9AC83 /* ViewController.swift */; };
		3A141797293266AF00B9AC83 /* Main.storyboard in Resources */ = {isa = PBXBuildFile; fileRef = 3A141795293266AF00B9AC83 /* Main.storyboard */; };
		3A141799293266B300B9AC83 /* Assets.xcassets in Resources */ = {isa = PBXBuildFile; fileRef = 3A141798293266B300B9AC83 /* Assets.xcassets */; };
		3A14179C293266B300B9AC83 /* LaunchScreen.storyboard in Resources */ = {isa = PBXBuildFile; fileRef = 3A14179A293266B300B9AC83 /* LaunchScreen.storyboard */; };
		3A1417A7293266B300B9AC83 /* delegateDemoTests.swift in Sources */ = {isa = PBXBuildFile; fileRef = 3A1417A6293266B300B9AC83 /* delegateDemoTests.swift */; };
		3A1417B1293266B300B9AC83 /* delegateDemoUITests.swift in Sources */ = {isa = PBXBuildFile; fileRef = 3A1417B0293266B300B9AC83 /* delegateDemoUITests.swift */; };
		3A1417B3293266B300B9AC83 /* delegateDemoUITestsLaunchTests.swift in Sources */ = {isa = PBXBuildFile; fileRef = 3A1417B2293266B300B9AC83 /* delegateDemoUITestsLaunchTests.swift */; };
/* End PBXBuildFile section */

/* Begin PBXContainerItemProxy section */
		3A1417A3293266B300B9AC83 /* PBXContainerItemProxy */ = {
			isa = PBXContainerItemProxy;
			containerPortal = 3A141784293266AF00B9AC83 /* Project object */;
			proxyType = 1;
			remoteGlobalIDString = 3A14178B293266AF00B9AC83;
			remoteInfo = delegateDemo;
		};
		3A1417AD293266B300B9AC83 /* PBXContainerItemProxy */ = {
			isa = PBXContainerItemProxy;
			containerPortal = 3A141784293266AF00B9AC83 /* Project object */;
			proxyType = 1;
			remoteGlobalIDString = 3A14178B293266AF00B9AC83;
			remoteInfo = delegateDemo;
		};
/* End PBXContainerItemProxy section */

/* Begin PBXFileReference section */
		3A14178C293266AF00B9AC83 /* delegateDemo.app */ = {isa = PBXFileReference; explicitFileType = wrapper.application; includeInIndex = 0; path = delegateDemo.app; sourceTree = BUILT_PRODUCTS_DIR; };
		3A14178F293266AF00B9AC83 /* AppDelegate.swift */ = {isa = PBXFileReference; lastKnownFileType = sourcecode.swift; path = AppDelegate.swift; sourceTree = "<group>"; };
		3A141791293266AF00B9AC83 /* SceneDelegate.swift */ = {isa = PBXFileReference; lastKnownFileType = sourcecode.swift; path = SceneDelegate.swift; sourceTree = "<group>"; };
		3A141793293266AF00B9AC83 /* ViewController.swift */ = {isa = PBXFileReference; lastKnownFileType = sourcecode.swift; path = ViewController.swift; sourceTree = "<group>"; };
		3A141796293266AF00B9AC83 /* Base */ = {isa = PBXFileReference; lastKnownFileType = file.storyboard; name = Base; path = Base.lproj/Main.storyboard; sourceTree = "<group>"; };
		3A141798293266B300B9AC83 /* Assets.xcassets */ = {isa = PBXFileReference; lastKnownFileType = folder.assetcatalog; path = Assets.xcassets; sourceTree = "<group>"; };
		3A14179B293266B300B9AC83 /* Base */ = {isa = PBXFileReference; lastKnownFileType = file.storyboard; name = Base; path = Base.lproj/LaunchScreen.storyboard; sourceTree = "<group>"; };
		3A14179D293266B300B9AC83 /* Info.plist */ = {isa = PBXFileReference; lastKnownFileType = text.plist.xml; path = Info.plist; sourceTree = "<group>"; };
		3A1417A2293266B300B9AC83 /* delegateDemoTests.xctest */ = {isa = PBXFileReference; explicitFileType = wrapper.cfbundle; includeInIndex = 0; path = delegateDemoTests.xctest; sourceTree = BUILT_PRODUCTS_DIR; };
		3A1417A6293266B300B9AC83 /* delegateDemoTests.swift */ = {isa = PBXFileReference; lastKnownFileType = sourcecode.swift; path = delegateDemoTests.swift; sourceTree = "<group>"; };
		3A1417AC293266B300B9AC83 /* delegateDemoUITests.xctest */ = {isa = PBXFileReference; explicitFileType = wrapper.cfbundle; includeInIndex = 0; path = delegateDemoUITests.xctest; sourceTree = BUILT_PRODUCTS_DIR; };
		3A1417B0293266B300B9AC83 /* delegateDemoUITests.swift */ = {isa = PBXFileReference; lastKnownFileType = sourcecode.swift; path = delegateDemoUITests.swift; sourceTree = "<group>"; };
		3A1417B2293266B300B9AC83 /* delegateDemoUITestsLaunchTests.swift */ = {isa = PBXFileReference; lastKnownFileType = sourcecode.swift; path = delegateDemoUITestsLaunchTests.swift; sourceTree = "<group>"; };
/* End PBXFileReference section */

/* Begin PBXFrameworksBuildPhase section */
		3A141789293266AF00B9AC83 /* Frameworks */ = {
			isa = PBXFrameworksBuildPhase;
			buildActionMask = 2147483647;
			files = (
			);
			runOnlyForDeploymentPostprocessing = 0;
		};
		3A14179F293266B300B9AC83 /* Frameworks */ = {
			isa = PBXFrameworksBuildPhase;
			buildActionMask = 2147483647;
			files = (
			);
			runOnlyForDeploymentPostprocessing = 0;
		};
		3A1417A9293266B300B9AC83 /* Frameworks */ = {
			isa = PBXFrameworksBuildPhase;
			buildActionMask = 2147483647;
			files = (
			);
			runOnlyForDeploymentPostprocessing = 0;
		};
/* End PBXFrameworksBuildPhase section */

/* Begin PBXGroup section */
		3A141783293266AF00B9AC83 = {
			isa = PBXGroup;
			children = (
				3A14178E293266AF00B9AC83 /* delegateDemo */,
				3A1417A5293266B300B9AC83 /* delegateDemoTests */,
				3A1417AF293266B300B9AC83 /* delegateDemoUITests */,
				3A14178D293266AF00B9AC83 /* Products */,
			);
			sourceTree = "<group>";
		};
		3A14178D293266AF00B9AC83 /* Products */ = {
			isa = PBXGroup;
			children = (
				3A14178C293266AF00B9AC83 /* delegateDemo.app */,
				3A1417A2293266B300B9AC83 /* delegateDemoTests.xctest */,
				3A1417AC293266B300B9AC83 /* delegateDemoUITests.xctest */,
			);
			name = Products;
			sourceTree = "<group>";
		};
		3A14178E293266AF00B9AC83 /* delegateDemo */ = {
			isa = PBXGroup;
			children = (
				3A14178F293266AF00B9AC83 /* AppDelegate.swift */,
				3A141791293266AF00B9AC83 /* SceneDelegate.swift */,
				3A141793293266AF00B9AC83 /* ViewController.swift */,
				3A141795293266AF00B9AC83 /* Main.storyboard */,
				3A141798293266B300B9AC83 /* Assets.xcassets */,
				3A14179A293266B300B9AC83 /* LaunchScreen.storyboard */,
				3A14179D293266B300B9AC83 /* Info.plist */,
			);
			path = delegateDemo;
			sourceTree = "<group>";
		};
		3A1417A5293266B300B9AC83 /* delegateDemoTests */ = {
			isa = PBXGroup;
			children = (
				3A1417A6293266B300B9AC83 /* delegateDemoTests.swift */,
			);
			path = delegateDemoTests;
			sourceTree = "<group>";
		};
		3A1417AF293266B300B9AC83 /* delegateDemoUITests */ = {
			isa = PBXGroup;
			children = (
				3A1417B0293266B300B9AC83 /* delegateDemoUITests.swift */,
				3A1417B2293266B300B9AC83 /* delegateDemoUITestsLaunchTests.swift */,
			);
			path = delegateDemoUITests;
			sourceTree = "<group>";
		};
/* End PBXGroup section */

/* Begin PBXNativeTarget section */
		3A14178B293266AF00B9AC83 /* delegateDemo */ = {
			isa = PBXNativeTarget;
			buildConfigurationList = 3A1417B6293266B300B9AC83 /* Build configuration list for PBXNativeTarget "delegateDemo" */;
			buildPhases = (
				3A141788293266AF00B9AC83 /* Sources */,
				3A141789293266AF00B9AC83 /* Frameworks */,
				3A14178A293266AF00B9AC83 /* Resources */,
			);
			buildRules = (
			);
			dependencies = (
			);
			name = delegateDemo;
			productName = delegateDemo;
			productReference = 3A14178C293266AF00B9AC83 /* delegateDemo.app */;
			productType = "com.apple.product-type.application";
		};
		3A1417A1293266B300B9AC83 /* delegateDemoTests */ = {
			isa = PBXNativeTarget;
			buildConfigurationList = 3A1417B9293266B300B9AC83 /* Build configuration list for PBXNativeTarget "delegateDemoTests" */;
			buildPhases = (
				3A14179E293266B300B9AC83 /* Sources */,
				3A14179F293266B300B9AC83 /* Frameworks */,
				3A1417A0293266B300B9AC83 /* Resources */,
			);
			buildRules = (
			);
			dependencies = (
				3A1417A4293266B300B9AC83 /* PBXTargetDependency */,
			);
			name = delegateDemoTests;
			productName = delegateDemoTests;
			productReference = 3A1417A2293266B300B9AC83 /* delegateDemoTests.xctest */;
			productType = "com.apple.product-type.bundle.unit-test";
		};
		3A1417AB293266B300B9AC83 /* delegateDemoUITests */ = {
			isa = PBXNativeTarget;
			buildConfigurationList = 3A1417BC293266B300B9AC83 /* Build configuration list for PBXNativeTarget "delegateDemoUITests" */;
			buildPhases = (
				3A1417A8293266B300B9AC83 /* Sources */,
				3A1417A9293266B300B9AC83 /* Frameworks */,
				3A1417AA293266B300B9AC83 /* Resources */,
			);
			buildRules = (
			);
			dependencies = (
				3A1417AE293266B300B9AC83 /* PBXTargetDependency */,
			);
			name = delegateDemoUITests;
			productName = delegateDemoUITests;
			productReference = 3A1417AC293266B300B9AC83 /* delegateDemoUITests.xctest */;
			productType = "com.apple.product-type.bundle.ui-testing";
		};
/* End PBXNativeTarget section */

/* Begin PBXProject section */
		3A141784293266AF00B9AC83 /* Project object */ = {
			isa = PBXProject;
			attributes = {
				BuildIndependentTargetsInParallel = 1;
				LastSwiftUpdateCheck = 1320;
				LastUpgradeCheck = 1320;
				TargetAttributes = {
					3A14178B293266AF00B9AC83 = {
						CreatedOnToolsVersion = 13.2.1;
					};
					3A1417A1293266B300B9AC83 = {
						CreatedOnToolsVersion = 13.2.1;
						TestTargetID = 3A14178B293266AF00B9AC83;
					};
					3A1417AB293266B300B9AC83 = {
						CreatedOnToolsVersion = 13.2.1;
						TestTargetID = 3A14178B293266AF00B9AC83;
					};
				};
			};
			buildConfigurationList = 3A141787293266AF00B9AC83 /* Build configuration list for PBXProject "delegateDemo" */;
			compatibilityVersion = "Xcode 13.0";
			developmentRegion = en;
			hasScannedForEncodings = 0;
			knownRegions = (
				en,
				Base,
			);
			mainGroup = 3A141783293266AF00B9AC83;
			productRefGroup = 3A14178D293266AF00B9AC83 /* Products */;
			projectDirPath = "";
			projectRoot = "";
			targets = (
				3A14178B293266AF00B9AC83 /* delegateDemo */,
				3A1417A1293266B300B9AC83 /* delegateDemoTests */,
				3A1417AB293266B300B9AC83 /* delegateDemoUITests */,
			);
		};
/* End PBXProject section */

/* Begin PBXResourcesBuildPhase section */
		3A14178A293266AF00B9AC83 /* Resources */ = {
			isa = PBXResourcesBuildPhase;
			buildActionMask = 2147483647;
			files = (
				3A14179C293266B300B9AC83 /* LaunchScreen.storyboard in Resources */,
				3A141799293266B300B9AC83 /* Assets.xcassets in Resources */,
				3A141797293266AF00B9AC83 /* Main.storyboard in Resources */,
			);
			runOnlyForDeploymentPostprocessing = 0;
		};
		3A1417A0293266B300B9AC83 /* Resources */ = {
			isa = PBXResourcesBuildPhase;
			buildActionMask = 2147483647;
			files = (
			);
			runOnlyForDeploymentPostprocessing = 0;
		};
		3A1417AA293266B300B9AC83 /* Resources */ = {
			isa = PBXResourcesBuildPhase;
			buildActionMask = 2147483647;
			files = (
			);
			runOnlyForDeploymentPostprocessing = 0;
		};
/* End PBXResourcesBuildPhase section */

/* Begin PBXSourcesBuildPhase section */
		3A141788293266AF00B9AC83 /* Sources */ = {
			isa = PBXSourcesBuildPhase;
			buildActionMask = 2147483647;
			files = (
				3A141794293266AF00B9AC83 /* ViewController.swift in Sources */,
				3A141790293266AF00B9AC83 /* AppDelegate.swift in Sources */,
				3A141792293266AF00B9AC83 /* SceneDelegate.swift in Sources */,
			);
			runOnlyForDeploymentPostprocessing = 0;
		};
		3A14179E293266B300B9AC83 /* Sources */ = {
			isa = PBXSourcesBuildPhase;
			buildActionMask = 2147483647;
			files = (
				3A1417A7293266B300B9AC83 /* delegateDemoTests.swift in Sources */,
			);
			runOnlyForDeploymentPostprocessing = 0;
		};
		3A1417A8293266B300B9AC83 /* Sources */ = {
			isa = PBXSourcesBuildPhase;
			buildActionMask = 2147483647;
			files = (
				3A1417B3293266B300B9AC83 /* delegateDemoUITestsLaunchTests.swift in Sources */,
				3A1417B1293266B300B9AC83 /* delegateDemoUITests.swift in Sources */,
			);
			runOnlyForDeploymentPostprocessing = 0;
		};
/* End PBXSourcesBuildPhase section */

/* Begin PBXTargetDependency section */
		3A1417A4293266B300B9AC83 /* PBXTargetDependency */ = {
			isa = PBXTargetDependency;
			target = 3A14178B293266AF00B9AC83 /* delegateDemo */;
			targetProxy = 3A1417A3293266B300B9AC83 /* PBXContainerItemProxy */;
		};
		3A1417AE293266B300B9AC83 /* PBXTargetDependency */ = {
			isa = PBXTargetDependency;
			target = 3A14178B293266AF00B9AC83 /* delegateDemo */;
			targetProxy = 3A1417AD293266B300B9AC83 /* PBXContainerItemProxy */;
		};
/* End PBXTargetDependency section */

/* Begin PBXVariantGroup section */
		3A141795293266AF00B9AC83 /* Main.storyboard */ = {
			isa = PBXVariantGroup;
			children = (
				3A141796293266AF00B9AC83 /* Base */,
			);
			name = Main.storyboard;
			sourceTree = "<group>";
		};
		3A14179A293266B300B9AC83 /* LaunchScreen.storyboard */ = {
			isa = PBXVariantGroup;
			children = (
				3A14179B293266B300B9AC83 /* Base */,
			);
			name = LaunchScreen.storyboard;
			sourceTree = "<group>";
		};
/* End PBXVariantGroup section */

/* Begin XCBuildConfiguration section */
		3A1417B4293266B300B9AC83 /* Debug */ = {
			isa = XCBuildConfiguration;
			buildSettings = {
				ALWAYS_SEARCH_USER_PATHS = NO;
				CLANG_ANALYZER_NONNULL = YES;
				CLANG_ANALYZER_NUMBER_OBJECT_CONVERSION = YES_AGGRESSIVE;
				CLANG_CXX_LANGUAGE_STANDARD = "gnu++17";
				CLANG_CXX_LIBRARY = "libc++";
				CLANG_ENABLE_MODULES = YES;
				CLANG_ENABLE_OBJC_ARC = YES;
				CLANG_ENABLE_OBJC_WEAK = YES;
				CLANG_WARN_BLOCK_CAPTURE_AUTORELEASING = YES;
				CLANG_WARN_BOOL_CONVERSION = YES;
				CLANG_WARN_COMMA = YES;
				CLANG_WARN_CONSTANT_CONVERSION = YES;
				CLANG_WARN_DEPRECATED_OBJC_IMPLEMENTATIONS = YES;
				CLANG_WARN_DIRECT_OBJC_ISA_USAGE = YES_ERROR;
				CLANG_WARN_DOCUMENTATION_COMMENTS = YES;
				CLANG_WARN_EMPTY_BODY = YES;
				CLANG_WARN_ENUM_CONVERSION = YES;
				CLANG_WARN_INFINITE_RECURSION = YES;
				CLANG_WARN_INT_CONVERSION = YES;
				CLANG_WARN_NON_LITERAL_NULL_CONVERSION = YES;
				CLANG_WARN_OBJC_IMPLICIT_RETAIN_SELF = YES;
				CLANG_WARN_OBJC_LITERAL_CONVERSION = YES;
				CLANG_WARN_OBJC_ROOT_CLASS = YES_ERROR;
				CLANG_WARN_QUOTED_INCLUDE_IN_FRAMEWORK_HEADER = YES;
				CLANG_WARN_RANGE_LOOP_ANALYSIS = YES;
				CLANG_WARN_STRICT_PROTOTYPES = YES;
				CLANG_WARN_SUSPICIOUS_MOVE = YES;
				CLANG_WARN_UNGUARDED_AVAILABILITY = YES_AGGRESSIVE;
				CLANG_WARN_UNREACHABLE_CODE = YES;
				CLANG_WARN__DUPLICATE_METHOD_MATCH = YES;
				COPY_PHASE_STRIP = NO;
				DEBUG_INFORMATION_FORMAT = dwarf;
				ENABLE_STRICT_OBJC_MSGSEND = YES;
				ENABLE_TESTABILITY = YES;
				GCC_C_LANGUAGE_STANDARD = gnu11;
				GCC_DYNAMIC_NO_PIC = NO;
				GCC_NO_COMMON_BLOCKS = YES;
				GCC_OPTIMIZATION_LEVEL = 0;
				GCC_PREPROCESSOR_DEFINITIONS = (
					"DEBUG=1",
					"$(inherited)",
				);
				GCC_WARN_64_TO_32_BIT_CONVERSION = YES;
				GCC_WARN_ABOUT_RETURN_TYPE = YES_ERROR;
				GCC_WARN_UNDECLARED_SELECTOR = YES;
				GCC_WARN_UNINITIALIZED_AUTOS = YES_AGGRESSIVE;
				GCC_WARN_UNUSED_FUNCTION = YES;
				GCC_WARN_UNUSED_VARIABLE = YES;
				IPHONEOS_DEPLOYMENT_TARGET = 15.2;
				MTL_ENABLE_DEBUG_INFO = INCLUDE_SOURCE;
				MTL_FAST_MATH = YES;
				ONLY_ACTIVE_ARCH = YES;
				SDKROOT = iphoneos;
				SWIFT_ACTIVE_COMPILATION_CONDITIONS = DEBUG;
				SWIFT_OPTIMIZATION_LEVEL = "-Onone";
			};
			name = Debug;
		};
		3A1417B5293266B300B9AC83 /* Release */ = {
			isa = XCBuildConfiguration;
			buildSettings = {
				ALWAYS_SEARCH_USER_PATHS = NO;
				CLANG_ANALYZER_NONNULL = YES;
				CLANG_ANALYZER_NUMBER_OBJECT_CONVERSION = YES_AGGRESSIVE;
				CLANG_CXX_LANGUAGE_STANDARD = "gnu++17";
				CLANG_CXX_LIBRARY = "libc++";
				CLANG_ENABLE_MODULES = YES;
				CLANG_ENABLE_OBJC_ARC = YES;
				CLANG_ENABLE_OBJC_WEAK = YES;
				CLANG_WARN_BLOCK_CAPTURE_AUTORELEASING = YES;
				CLANG_WARN_BOOL_CONVERSION = YES;
				CLANG_WARN_COMMA = YES;
				CLANG_WARN_CONSTANT_CONVERSION = YES;
				CLANG_WARN_DEPRECATED_OBJC_IMPLEMENTATIONS = YES;
				CLANG_WARN_DIRECT_OBJC_ISA_USAGE = YES_ERROR;
				CLANG_WARN_DOCUMENTATION_COMMENTS = YES;
				CLANG_WARN_EMPTY_BODY = YES;
				CLANG_WARN_ENUM_CONVERSION = YES;
				CLANG_WARN_INFINITE_RECURSION = YES;
				CLANG_WARN_INT_CONVERSION = YES;
				CLANG_WARN_NON_LITERAL_NULL_CONVERSION = YES;
				CLANG_WARN_OBJC_IMPLICIT_RETAIN_SELF = YES;
				CLANG_WARN_OBJC_LITERAL_CONVERSION = YES;
				CLANG_WARN_OBJC_ROOT_CLASS = YES_ERROR;
				CLANG_WARN_QUOTED_INCLUDE_IN_FRAMEWORK_HEADER = YES;
				CLANG_WARN_RANGE_LOOP_ANALYSIS = YES;
				CLANG_WARN_STRICT_PROTOTYPES = YES;
				CLANG_WARN_SUSPICIOUS_MOVE = YES;
				CLANG_WARN_UNGUARDED_AVAILABILITY = YES_AGGRESSIVE;
				CLANG_WARN_UNREACHABLE_CODE = YES;
				CLANG_WARN__DUPLICATE_METHOD_MATCH = YES;
				COPY_PHASE_STRIP = NO;
				DEBUG_INFORMATION_FORMAT = "dwarf-with-dsym";
				ENABLE_NS_ASSERTIONS = NO;
				ENABLE_STRICT_OBJC_MSGSEND = YES;
				GCC_C_LANGUAGE_STANDARD = gnu11;
				GCC_NO_COMMON_BLOCKS = YES;
				GCC_WARN_64_TO_32_BIT_CONVERSION = YES;
				GCC_WARN_ABOUT_RETURN_TYPE = YES_ERROR;
				GCC_WARN_UNDECLARED_SELECTOR = YES;
				GCC_WARN_UNINITIALIZED_AUTOS = YES_AGGRESSIVE;
				GCC_WARN_UNUSED_FUNCTION = YES;
				GCC_WARN_UNUSED_VARIABLE = YES;
				IPHONEOS_DEPLOYMENT_TARGET = 15.2;
				MTL_ENABLE_DEBUG_INFO = NO;
				MTL_FAST_MATH = YES;
				SDKROOT = iphoneos;
				SWIFT_COMPILATION_MODE = wholemodule;
				SWIFT_OPTIMIZATION_LEVEL = "-O";
				VALIDATE_PRODUCT = YES;
			};
			name = Release;
		};
		3A1417B7293266B300B9AC83 /* Debug */ = {
			isa = XCBuildConfiguration;
			buildSettings = {
				ASSETCATALOG_COMPILER_APPICON_NAME = AppIcon;
				ASSETCATALOG_COMPILER_GLOBAL_ACCENT_COLOR_NAME = AccentColor;
				CODE_SIGN_STYLE = Automatic;
				CURRENT_PROJECT_VERSION = 1;
				DEVELOPMENT_TEAM = J3PLWB6Z39;
				GENERATE_INFOPLIST_FILE = YES;
				INFOPLIST_FILE = delegateDemo/Info.plist;
				INFOPLIST_KEY_UIApplicationSupportsIndirectInputEvents = YES;
				INFOPLIST_KEY_UILaunchStoryboardName = LaunchScreen;
				INFOPLIST_KEY_UIMainStoryboardFile = Main;
				INFOPLIST_KEY_UISupportedInterfaceOrientations_iPad = "UIInterfaceOrientationPortrait UIInterfaceOrientationPortraitUpsideDown UIInterfaceOrientationLandscapeLeft UIInterfaceOrientationLandscapeRight";
				INFOPLIST_KEY_UISupportedInterfaceOrientations_iPhone = "UIInterfaceOrientationPortrait UIInterfaceOrientationLandscapeLeft UIInterfaceOrientationLandscapeRight";
				LD_RUNPATH_SEARCH_PATHS = (
					"$(inherited)",
					"@executable_path/Frameworks",
				);
				MARKETING_VERSION = 1.0;
				PRODUCT_BUNDLE_IDENTIFIER = zhiMing.delegateDemo;
				PRODUCT_NAME = "$(TARGET_NAME)";
				SWIFT_EMIT_LOC_STRINGS = YES;
				SWIFT_VERSION = 5.0;
				TARGETED_DEVICE_FAMILY = "1,2";
			};
			name = Debug;
		};
		3A1417B8293266B300B9AC83 /* Release */ = {
			isa = XCBuildConfiguration;
			buildSettings = {
				ASSETCATALOG_COMPILER_APPICON_NAME = AppIcon;
				ASSETCATALOG_COMPILER_GLOBAL_ACCENT_COLOR_NAME = AccentColor;
				CODE_SIGN_STYLE = Automatic;
				CURRENT_PROJECT_VERSION = 1;
				DEVELOPMENT_TEAM = J3PLWB6Z39;
				GENERATE_INFOPLIST_FILE = YES;
				INFOPLIST_FILE = delegateDemo/Info.plist;
				INFOPLIST_KEY_UIApplicationSupportsIndirectInputEvents = YES;
				INFOPLIST_KEY_UILaunchStoryboardName = LaunchScreen;
				INFOPLIST_KEY_UIMainStoryboardFile = Main;
				INFOPLIST_KEY_UISupportedInterfaceOrientations_iPad = "UIInterfaceOrientationPortrait UIInterfaceOrientationPortraitUpsideDown UIInterfaceOrientationLandscapeLeft UIInterfaceOrientationLandscapeRight";
				INFOPLIST_KEY_UISupportedInterfaceOrientations_iPhone = "UIInterfaceOrientationPortrait UIInterfaceOrientationLandscapeLeft UIInterfaceOrientationLandscapeRight";
				LD_RUNPATH_SEARCH_PATHS = (
					"$(inherited)",
					"@executable_path/Frameworks",
				);
				MARKETING_VERSION = 1.0;
				PRODUCT_BUNDLE_IDENTIFIER = zhiMing.delegateDemo;
				PRODUCT_NAME = "$(TARGET_NAME)";
				SWIFT_EMIT_LOC_STRINGS = YES;
				SWIFT_VERSION = 5.0;
				TARGETED_DEVICE_FAMILY = "1,2";
			};
			name = Release;
		};
		3A1417BA293266B300B9AC83 /* Debug */ = {
			isa = XCBuildConfiguration;
			buildSettings = {
				ALWAYS_EMBED_SWIFT_STANDARD_LIBRARIES = YES;
				BUNDLE_LOADER = "$(TEST_HOST)";
				CODE_SIGN_STYLE = Automatic;
				CURRENT_PROJECT_VERSION = 1;
				DEVELOPMENT_TEAM = J3PLWB6Z39;
				GENERATE_INFOPLIST_FILE = YES;
				IPHONEOS_DEPLOYMENT_TARGET = 15.2;
				MARKETING_VERSION = 1.0;
				PRODUCT_BUNDLE_IDENTIFIER = zhiMing.delegateDemoTests;
				PRODUCT_NAME = "$(TARGET_NAME)";
				SWIFT_EMIT_LOC_STRINGS = NO;
				SWIFT_VERSION = 5.0;
				TARGETED_DEVICE_FAMILY = "1,2";
				TEST_HOST = "$(BUILT_PRODUCTS_DIR)/delegateDemo.app/delegateDemo";
			};
			name = Debug;
		};
		3A1417BB293266B300B9AC83 /* Release */ = {
			isa = XCBuildConfiguration;
			buildSettings = {
				ALWAYS_EMBED_SWIFT_STANDARD_LIBRARIES = YES;
				BUNDLE_LOADER = "$(TEST_HOST)";
				CODE_SIGN_STYLE = Automatic;
				CURRENT_PROJECT_VERSION = 1;
				DEVELOPMENT_TEAM = J3PLWB6Z39;
				GENERATE_INFOPLIST_FILE = YES;
				IPHONEOS_DEPLOYMENT_TARGET = 15.2;
				MARKETING_VERSION = 1.0;
				PRODUCT_BUNDLE_IDENTIFIER = zhiMing.delegateDemoTests;
				PRODUCT_NAME = "$(TARGET_NAME)";
				SWIFT_EMIT_LOC_STRINGS = NO;
				SWIFT_VERSION = 5.0;
				TARGETED_DEVICE_FAMILY = "1,2";
				TEST_HOST = "$(BUILT_PRODUCTS_DIR)/delegateDemo.app/delegateDemo";
			};
			name = Release;
		};
		3A1417BD293266B300B9AC83 /* Debug */ = {
			isa = XCBuildConfiguration;
			buildSettings = {
				ALWAYS_EMBED_SWIFT_STANDARD_LIBRARIES = YES;
				CODE_SIGN_STYLE = Automatic;
				CURRENT_PROJECT_VERSION = 1;
				DEVELOPMENT_TEAM = J3PLWB6Z39;
				GENERATE_INFOPLIST_FILE = YES;
				MARKETING_VERSION = 1.0;
				PRODUCT_BUNDLE_IDENTIFIER = zhiMing.delegateDemoUITests;
				PRODUCT_NAME = "$(TARGET_NAME)";
				SWIFT_EMIT_LOC_STRINGS = NO;
				SWIFT_VERSION = 5.0;
				TARGETED_DEVICE_FAMILY = "1,2";
				TEST_TARGET_NAME = delegateDemo;
			};
			name = Debug;
		};
		3A1417BE293266B300B9AC83 /* Release */ = {
			isa = XCBuildConfiguration;
			buildSettings = {
				ALWAYS_EMBED_SWIFT_STANDARD_LIBRARIES = YES;
				CODE_SIGN_STYLE = Automatic;
				CURRENT_PROJECT_VERSION = 1;
				DEVELOPMENT_TEAM = J3PLWB6Z39;
				GENERATE_INFOPLIST_FILE = YES;
				MARKETING_VERSION = 1.0;
				PRODUCT_BUNDLE_IDENTIFIER = zhiMing.delegateDemoUITests;
				PRODUCT_NAME = "$(TARGET_NAME)";
				SWIFT_EMIT_LOC_STRINGS = NO;
				SWIFT_VERSION = 5.0;
				TARGETED_DEVICE_FAMILY = "1,2";
				TEST_TARGET_NAME = delegateDemo;
			};
			name = Release;
		};
/* End XCBuildConfiguration section */

/* Begin XCConfigurationList section */
		3A141787293266AF00B9AC83 /* Build configuration list for PBXProject "delegateDemo" */ = {
			isa = XCConfigurationList;
			buildConfigurations = (
				3A1417B4293266B300B9AC83 /* Debug */,
				3A1417B5293266B300B9AC83 /* Release */,
			);
			defaultConfigurationIsVisible = 0;
			defaultConfigurationName = Release;
		};
		3A1417B6293266B300B9AC83 /* Build configuration list for PBXNativeTarget "delegateDemo" */ = {
			isa = XCConfigurationList;
			buildConfigurations = (
				3A1417B7293266B300B9AC83 /* Debug */,
				3A1417B8293266B300B9AC83 /* Release */,
			);
			defaultConfigurationIsVisible = 0;
			defaultConfigurationName = Release;
		};
		3A1417B9293266B300B9AC83 /* Build configuration list for PBXNativeTarget "delegateDemoTests" */ = {
			isa = XCConfigurationList;
			buildConfigurations = (
				3A1417BA293266B300B9AC83 /* Debug */,
				3A1417BB293266B300B9AC83 /* Release */,
			);
			defaultConfigurationIsVisible = 0;
			defaultConfigurationName = Release;
		};
		3A1417BC293266B300B9AC83 /* Build configuration list for PBXNativeTarget "delegateDemoUITests" */ = {
			isa = XCConfigurationList;
			buildConfigurations = (
				3A1417BD293266B300B9AC83 /* Debug */,
				3A1417BE293266B300B9AC83 /* Release */,
			);
			defaultConfigurationIsVisible = 0;
			defaultConfigurationName = Release;
		};
/* End XCConfigurationList section */
	};
	rootObject = 3A141784293266AF00B9AC83 /* Project object */;
}
